// !$*UTF8*$!
{
	archiveVersion = 1;
	classes = {
	};
	objectVersion = 50;
	objects = {

/* Begin PBXBuildFile section */
		04E1941C22E632E200B9AA6D /* Episode.swift in Sources */ = {isa = PBXBuildFile; fileRef = 04E1941B22E632E200B9AA6D /* Episode.swift */; };
		04E1941E22E6334900B9AA6D /* Embedded.swift in Sources */ = {isa = PBXBuildFile; fileRef = 04E1941D22E6334900B9AA6D /* Embedded.swift */; };
		04E1942022E6337100B9AA6D /* Image.swift in Sources */ = {isa = PBXBuildFile; fileRef = 04E1941F22E6337100B9AA6D /* Image.swift */; };
		04E1942222E6339400B9AA6D /* GameOfThrones.swift in Sources */ = {isa = PBXBuildFile; fileRef = 04E1942122E6339400B9AA6D /* GameOfThrones.swift */; };
		04FE912722E2464900BFEADE /* AppDelegate.swift in Sources */ = {isa = PBXBuildFile; fileRef = 04FE912622E2464900BFEADE /* AppDelegate.swift */; };
		04FE912922E2464900BFEADE /* TableViewController.swift in Sources */ = {isa = PBXBuildFile; fileRef = 04FE912822E2464900BFEADE /* TableViewController.swift */; };
		04FE912C22E2464900BFEADE /* Main.storyboard in Resources */ = {isa = PBXBuildFile; fileRef = 04FE912A22E2464900BFEADE /* Main.storyboard */; };
		04FE912E22E2464B00BFEADE /* Assets.xcassets in Resources */ = {isa = PBXBuildFile; fileRef = 04FE912D22E2464B00BFEADE /* Assets.xcassets */; };
		04FE913122E2464B00BFEADE /* LaunchScreen.storyboard in Resources */ = {isa = PBXBuildFile; fileRef = 04FE912F22E2464B00BFEADE /* LaunchScreen.storyboard */; };
		04FE913922E248DB00BFEADE /* DetailViewController.swift in Sources */ = {isa = PBXBuildFile; fileRef = 04FE913822E248DB00BFEADE /* DetailViewController.swift */; };
/* End PBXBuildFile section */

/* Begin PBXFileReference section */
		04E1941B22E632E200B9AA6D /* Episode.swift */ = {isa = PBXFileReference; lastKnownFileType = sourcecode.swift; path = Episode.swift; sourceTree = "<group>"; };
		04E1941D22E6334900B9AA6D /* Embedded.swift */ = {isa = PBXFileReference; lastKnownFileType = sourcecode.swift; path = Embedded.swift; sourceTree = "<group>"; };
		04E1941F22E6337100B9AA6D /* Image.swift */ = {isa = PBXFileReference; lastKnownFileType = sourcecode.swift; path = Image.swift; sourceTree = "<group>"; };
		04E1942122E6339400B9AA6D /* GameOfThrones.swift */ = {isa = PBXFileReference; lastKnownFileType = sourcecode.swift; path = GameOfThrones.swift; sourceTree = "<group>"; };
		04FE912322E2464900BFEADE /* Week2Test.app */ = {isa = PBXFileReference; explicitFileType = wrapper.application; includeInIndex = 0; path = Week2Test.app; sourceTree = BUILT_PRODUCTS_DIR; };
		04FE912622E2464900BFEADE /* AppDelegate.swift */ = {isa = PBXFileReference; lastKnownFileType = sourcecode.swift; path = AppDelegate.swift; sourceTree = "<group>"; };
		04FE912822E2464900BFEADE /* TableViewController.swift */ = {isa = PBXFileReference; lastKnownFileType = sourcecode.swift; path = TableViewController.swift; sourceTree = "<group>"; };
		04FE912B22E2464900BFEADE /* Base */ = {isa = PBXFileReference; lastKnownFileType = file.storyboard; name = Base; path = Base.lproj/Main.storyboard; sourceTree = "<group>"; };
		04FE912D22E2464B00BFEADE /* Assets.xcassets */ = {isa = PBXFileReference; lastKnownFileType = folder.assetcatalog; path = Assets.xcassets; sourceTree = "<group>"; };
		04FE913022E2464B00BFEADE /* Base */ = {isa = PBXFileReference; lastKnownFileType = file.storyboard; name = Base; path = Base.lproj/LaunchScreen.storyboard; sourceTree = "<group>"; };
		04FE913222E2464B00BFEADE /* Info.plist */ = {isa = PBXFileReference; lastKnownFileType = text.plist.xml; path = Info.plist; sourceTree = "<group>"; };
		04FE913822E248DB00BFEADE /* DetailViewController.swift */ = {isa = PBXFileReference; lastKnownFileType = sourcecode.swift; path = DetailViewController.swift; sourceTree = "<group>"; };
/* End PBXFileReference section */

/* Begin PBXFrameworksBuildPhase section */
		04FE912022E2464900BFEADE /* Frameworks */ = {
			isa = PBXFrameworksBuildPhase;
			buildActionMask = 2147483647;
			files = (
			);
			runOnlyForDeploymentPostprocessing = 0;
		};
/* End PBXFrameworksBuildPhase section */

/* Begin PBXGroup section */
		04FE911A22E2464900BFEADE = {
			isa = PBXGroup;
			children = (
				04FE912522E2464900BFEADE /* Week2Test */,
				04FE912422E2464900BFEADE /* Products */,
			);
			sourceTree = "<group>";
		};
		04FE912422E2464900BFEADE /* Products */ = {
			isa = PBXGroup;
			children = (
				04FE912322E2464900BFEADE /* Week2Test.app */,
			);
			name = Products;
			sourceTree = "<group>";
		};
		04FE912522E2464900BFEADE /* Week2Test */ = {
			isa = PBXGroup;
			children = (
				04FE912622E2464900BFEADE /* AppDelegate.swift */,
				04FE912822E2464900BFEADE /* TableViewController.swift */,
				04E1942122E6339400B9AA6D /* GameOfThrones.swift */,
				04FE913822E248DB00BFEADE /* DetailViewController.swift */,
				04FE912A22E2464900BFEADE /* Main.storyboard */,
				04FE912D22E2464B00BFEADE /* Assets.xcassets */,
				04FE912F22E2464B00BFEADE /* LaunchScreen.storyboard */,
				04FE913222E2464B00BFEADE /* Info.plist */,
				04E1941B22E632E200B9AA6D /* Episode.swift */,
				04E1941D22E6334900B9AA6D /* Embedded.swift */,
				04E1941F22E6337100B9AA6D /* Image.swift */,
			);
			path = Week2Test;
			sourceTree = "<group>";
		};
/* End PBXGroup section */

/* Begin PBXNativeTarget section */
		04FE912222E2464900BFEADE /* Week2Test */ = {
			isa = PBXNativeTarget;
			buildConfigurationList = 04FE913522E2464B00BFEADE /* Build configuration list for PBXNativeTarget "Week2Test" */;
			buildPhases = (
				04FE911F22E2464900BFEADE /* Sources */,
				04FE912022E2464900BFEADE /* Frameworks */,
				04FE912122E2464900BFEADE /* Resources */,
			);
			buildRules = (
			);
			dependencies = (
			);
			name = Week2Test;
			productName = Week2Test;
			productReference = 04FE912322E2464900BFEADE /* Week2Test.app */;
			productType = "com.apple.product-type.application";
		};
/* End PBXNativeTarget section */

/* Begin PBXProject section */
		04FE911B22E2464900BFEADE /* Project object */ = {
			isa = PBXProject;
			attributes = {
				LastSwiftUpdateCheck = 1020;
				LastUpgradeCheck = 1020;
				ORGANIZATIONNAME = MCS;
				TargetAttributes = {
					04FE912222E2464900BFEADE = {
						CreatedOnToolsVersion = 10.2.1;
					};
				};
			};
			buildConfigurationList = 04FE911E22E2464900BFEADE /* Build configuration list for PBXProject "Week2Test" */;
			compatibilityVersion = "Xcode 9.3";
			developmentRegion = en;
			hasScannedForEncodings = 0;
			knownRegions = (
				en,
				Base,
			);
			mainGroup = 04FE911A22E2464900BFEADE;
			productRefGroup = 04FE912422E2464900BFEADE /* Products */;
			projectDirPath = "";
			projectRoot = "";
			targets = (
				04FE912222E2464900BFEADE /* Week2Test */,
			);
		};
/* End PBXProject section */

/* Begin PBXResourcesBuildPhase section */
		04FE912122E2464900BFEADE /* Resources */ = {
			isa = PBXResourcesBuildPhase;
			buildActionMask = 2147483647;
			files = (
				04FE913122E2464B00BFEADE /* LaunchScreen.storyboard in Resources */,
				04FE912E22E2464B00BFEADE /* Assets.xcassets in Resources */,
				04FE912C22E2464900BFEADE /* Main.storyboard in Resources */,
			);
			runOnlyForDeploymentPostprocessing = 0;
		};
/* End PBXResourcesBuildPhase section */

/* Begin PBXSourcesBuildPhase section */
		04FE911F22E2464900BFEADE /* Sources */ = {
			isa = PBXSourcesBuildPhase;
			buildActionMask = 2147483647;
			files = (
				04FE913922E248DB00BFEADE /* DetailViewController.swift in Sources */,
				04E1942222E6339400B9AA6D /* GameOfThrones.swift in Sources */,
				04E1942022E6337100B9AA6D /* Image.swift in Sources */,
				04E1941E22E6334900B9AA6D /* Embedded.swift in Sources */,
				04E1941C22E632E200B9AA6D /* Episode.swift in Sources */,
				04FE912922E2464900BFEADE /* TableViewController.swift in Sources */,
				04FE912722E2464900BFEADE /* AppDelegate.swift in Sources */,
			);
			runOnlyForDeploymentPostprocessing = 0;
		};
/* End PBXSourcesBuildPhase section */

/* Begin PBXVariantGroup section */
		04FE912A22E2464900BFEADE /* Main.storyboard */ = {
			isa = PBXVariantGroup;
			children = (
				04FE912B22E2464900BFEADE /* Base */,
			);
			name = Main.storyboard;
			sourceTree = "<group>";
		};
		04FE912F22E2464B00BFEADE /* LaunchScreen.storyboard */ = {
			isa = PBXVariantGroup;
			children = (
				04FE913022E2464B00BFEADE /* Base */,
			);
			name = LaunchScreen.storyboard;
			sourceTree = "<group>";
		};
/* End PBXVariantGroup section */

/* Begin XCBuildConfiguration section */
		04FE913322E2464B00BFEADE /* Debug */ = {
			isa = XCBuildConfiguration;
			buildSettings = {
				ALWAYS_SEARCH_USER_PATHS = NO;
				CLANG_ANALYZER_NONNULL = YES;
				CLANG_ANALYZER_NUMBER_OBJECT_CONVERSION = YES_AGGRESSIVE;
				CLANG_CXX_LANGUAGE_STANDARD = "gnu++14";
				CLANG_CXX_LIBRARY = "libc++";
				CLANG_ENABLE_MODULES = YES;
				CLANG_ENABLE_OBJC_ARC = YES;
				CLANG_ENABLE_OBJC_WEAK = YES;
				CLANG_WARN_BLOCK_CAPTURE_AUTORELEASING = YES;
				CLANG_WARN_BOOL_CONVERSION = YES;
				CLANG_WARN_COMMA = YES;
				CLANG_WARN_CONSTANT_CONVERSION = YES;
				CLANG_WARN_DEPRECATED_OBJC_IMPLEMENTATIONS = YES;
				CLANG_WARN_DIRECT_OBJC_ISA_USAGE = YES_ERROR;
				CLANG_WARN_DOCUMENTATION_COMMENTS = YES;
				CLANG_WARN_EMPTY_BODY = YES;
				CLANG_WARN_ENUM_CONVERSION = YES;
				CLANG_WARN_INFINITE_RECURSION = YES;
				CLANG_WARN_INT_CONVERSION = YES;
				CLANG_WARN_NON_LITERAL_NULL_CONVERSION = YES;
				CLANG_WARN_OBJC_IMPLICIT_RETAIN_SELF = YES;
				CLANG_WARN_OBJC_LITERAL_CONVERSION = YES;
				CLANG_WARN_OBJC_ROOT_CLASS = YES_ERROR;
				CLANG_WARN_RANGE_LOOP_ANALYSIS = YES;
				CLANG_WARN_STRICT_PROTOTYPES = YES;
				CLANG_WARN_SUSPICIOUS_MOVE = YES;
				CLANG_WARN_UNGUARDED_AVAILABILITY = YES_AGGRESSIVE;
				CLANG_WARN_UNREACHABLE_CODE = YES;
				CLANG_WARN__DUPLICATE_METHOD_MATCH = YES;
				CODE_SIGN_IDENTITY = "iPhone Developer";
				COPY_PHASE_STRIP = NO;
				DEBUG_INFORMATION_FORMAT = dwarf;
				ENABLE_STRICT_OBJC_MSGSEND = YES;
				ENABLE_TESTABILITY = YES;
				GCC_C_LANGUAGE_STANDARD = gnu11;
				GCC_DYNAMIC_NO_PIC = NO;
				GCC_NO_COMMON_BLOCKS = YES;
				GCC_OPTIMIZATION_LEVEL = 0;
				GCC_PREPROCESSOR_DEFINITIONS = (
					"DEBUG=1",
					"$(inherited)",
				);
				GCC_WARN_64_TO_32_BIT_CONVERSION = YES;
				GCC_WARN_ABOUT_RETURN_TYPE = YES_ERROR;
				GCC_WARN_UNDECLARED_SELECTOR = YES;
				GCC_WARN_UNINITIALIZED_AUTOS = YES_AGGRESSIVE;
				GCC_WARN_UNUSED_FUNCTION = YES;
				GCC_WARN_UNUSED_VARIABLE = YES;
				IPHONEOS_DEPLOYMENT_TARGET = 12.2;
				MTL_ENABLE_DEBUG_INFO = INCLUDE_SOURCE;
				MTL_FAST_MATH = YES;
				ONLY_ACTIVE_ARCH = YES;
				SDKROOT = iphoneos;
				SWIFT_ACTIVE_COMPILATION_CONDITIONS = DEBUG;
				SWIFT_OPTIMIZATION_LEVEL = "-Onone";
			};
			name = Debug;
		};
		04FE913422E2464B00BFEADE /* Release */ = {
			isa = XCBuildConfiguration;
			buildSettings = {
				ALWAYS_SEARCH_USER_PATHS = NO;
				CLANG_ANALYZER_NONNULL = YES;
				CLANG_ANALYZER_NUMBER_OBJECT_CONVERSION = YES_AGGRESSIVE;
				CLANG_CXX_LANGUAGE_STANDARD = "gnu++14";
				CLANG_CXX_LIBRARY = "libc++";
				CLANG_ENABLE_MODULES = YES;
				CLANG_ENABLE_OBJC_ARC = YES;
				CLANG_ENABLE_OBJC_WEAK = YES;
				CLANG_WARN_BLOCK_CAPTURE_AUTORELEASING = YES;
				CLANG_WARN_BOOL_CONVERSION = YES;
				CLANG_WARN_COMMA = YES;
				CLANG_WARN_CONSTANT_CONVERSION = YES;
				CLANG_WARN_DEPRECATED_OBJC_IMPLEMENTATIONS = YES;
				CLANG_WARN_DIRECT_OBJC_ISA_USAGE = YES_ERROR;
				CLANG_WARN_DOCUMENTATION_COMMENTS = YES;
				CLANG_WARN_EMPTY_BODY = YES;
				CLANG_WARN_ENUM_CONVERSION = YES;
				CLANG_WARN_INFINITE_RECURSION = YES;
				CLANG_WARN_INT_CONVERSION = YES;
				CLANG_WARN_NON_LITERAL_NULL_CONVERSION = YES;
				CLANG_WARN_OBJC_IMPLICIT_RETAIN_SELF = YES;
				CLANG_WARN_OBJC_LITERAL_CONVERSION = YES;
				CLANG_WARN_OBJC_ROOT_CLASS = YES_ERROR;
				CLANG_WARN_RANGE_LOOP_ANALYSIS = YES;
				CLANG_WARN_STRICT_PROTOTYPES = YES;
				CLANG_WARN_SUSPICIOUS_MOVE = YES;
				CLANG_WARN_UNGUARDED_AVAILABILITY = YES_AGGRESSIVE;
				CLANG_WARN_UNREACHABLE_CODE = YES;
				CLANG_WARN__DUPLICATE_METHOD_MATCH = YES;
				CODE_SIGN_IDENTITY = "iPhone Developer";
				COPY_PHASE_STRIP = NO;
				DEBUG_INFORMATION_FORMAT = "dwarf-with-dsym";
				ENABLE_NS_ASSERTIONS = NO;
				ENABLE_STRICT_OBJC_MSGSEND = YES;
				GCC_C_LANGUAGE_STANDARD = gnu11;
				GCC_NO_COMMON_BLOCKS = YES;
				GCC_WARN_64_TO_32_BIT_CONVERSION = YES;
				GCC_WARN_ABOUT_RETURN_TYPE = YES_ERROR;
				GCC_WARN_UNDECLARED_SELECTOR = YES;
				GCC_WARN_UNINITIALIZED_AUTOS = YES_AGGRESSIVE;
				GCC_WARN_UNUSED_FUNCTION = YES;
				GCC_WARN_UNUSED_VARIABLE = YES;
				IPHONEOS_DEPLOYMENT_TARGET = 12.2;
				MTL_ENABLE_DEBUG_INFO = NO;
				MTL_FAST_MATH = YES;
				SDKROOT = iphoneos;
				SWIFT_COMPILATION_MODE = wholemodule;
				SWIFT_OPTIMIZATION_LEVEL = "-O";
				VALIDATE_PRODUCT = YES;
			};
			name = Release;
		};
		04FE913622E2464B00BFEADE /* Debug */ = {
			isa = XCBuildConfiguration;
			buildSettings = {
				ASSETCATALOG_COMPILER_APPICON_NAME = AppIcon;
				CODE_SIGN_STYLE = Automatic;
				INFOPLIST_FILE = Week2Test/Info.plist;
				LD_RUNPATH_SEARCH_PATHS = (
					"$(inherited)",
					"@executable_path/Frameworks",
				);
				PRODUCT_BUNDLE_IDENTIFIER = com.MCS.Week2Test;
				PRODUCT_NAME = "$(TARGET_NAME)";
				SWIFT_VERSION = 5.0;
				TARGETED_DEVICE_FAMILY = "1,2";
			};
			name = Debug;
		};
		04FE913722E2464B00BFEADE /* Release */ = {
			isa = XCBuildConfiguration;
			buildSettings = {
				ASSETCATALOG_COMPILER_APPICON_NAME = AppIcon;
				CODE_SIGN_STYLE = Automatic;
				INFOPLIST_FILE = Week2Test/Info.plist;
				LD_RUNPATH_SEARCH_PATHS = (
					"$(inherited)",
					"@executable_path/Frameworks",
				);
				PRODUCT_BUNDLE_IDENTIFIER = com.MCS.Week2Test;
				PRODUCT_NAME = "$(TARGET_NAME)";
				SWIFT_VERSION = 5.0;
				TARGETED_DEVICE_FAMILY = "1,2";
			};
			name = Release;
		};
/* End XCBuildConfiguration section */

/* Begin XCConfigurationList section */
		04FE911E22E2464900BFEADE /* Build configuration list for PBXProject "Week2Test" */ = {
			isa = XCConfigurationList;
			buildConfigurations = (
				04FE913322E2464B00BFEADE /* Debug */,
				04FE913422E2464B00BFEADE /* Release */,
			);
			defaultConfigurationIsVisible = 0;
			defaultConfigurationName = Release;
		};
		04FE913522E2464B00BFEADE /* Build configuration list for PBXNativeTarget "Week2Test" */ = {
			isa = XCConfigurationList;
			buildConfigurations = (
				04FE913622E2464B00BFEADE /* Debug */,
				04FE913722E2464B00BFEADE /* Release */,
			);
			defaultConfigurationIsVisible = 0;
			defaultConfigurationName = Release;
		};
/* End XCConfigurationList section */
	};
	rootObject = 04FE911B22E2464900BFEADE /* Project object */;
}
